# THIS IS AN AUTOGENERATED FILE. DO NOT EDIT THIS FILE DIRECTLY.
# yarn lockfile v1


download-yue@2.x:
  version "2.0.0"
  resolved "https://registry.yarnpkg.com/download-yue/-/download-yue-2.0.0.tgz#0017180f7780f6247bbeb50d4f862d80ed65e9b7"

gui@^0.4.2:
  version "0.4.2"
  resolved "https://registry.yarnpkg.com/gui/-/gui-0.4.2.tgz#d42641aedf0df647f538fcf4bb1e3b0ab2798002"
  dependencies:
    download-yue "2.x"
  prebuiltVariants:
    gui-v0.4.2-linux-x64-57 f532eb274484ea54d8ed2a301551cf2ce04b9f2b
